
Microsoft Visual Studio Solution File, Format Version 12.00
# Visual Studio 15
VisualStudioVersion = 15.0.28010.2036
MinimumVisualStudioVersion = 10.0.40219.1
Project("{FAE04EC0-301F-11D3-BF4B-00C04F79EFBC}") = "Builder", "Builder\Builder.csproj", "{3D60BBC0-1CF8-45B3-B6FB-EBA911617408}"
EndProject
Project("{FAE04EC0-301F-11D3-BF4B-00C04F79EFBC}") = "BinaryAssetBuilder.AudioEL3Compiler", "BinaryAssetBuilder.AudioEL3Compiler\BinaryAssetBuilder.AudioEL3Compiler.csproj", "{A1399E90-D874-4537-B35B-655EEFF2939E}"
EndProject
Global
	GlobalSection(SolutionConfigurationPlatforms) = preSolution
		Debug|Any CPU = Debug|Any CPU
		Debug|x64 = Debug|x64
		Release|Any CPU = Release|Any CPU
		Release|x64 = Release|x64
	EndGlobalSection
	GlobalSection(ProjectConfigurationPlatforms) = postSolution
		{3D60BBC0-1CF8-45B3-B6FB-EBA911617408}.Debug|Any CPU.ActiveCfg = Debug|x64
		{3D60BBC0-1CF8-45B3-B6FB-EBA911617408}.Debug|x64.ActiveCfg = Debug|x64
		{3D60BBC0-1CF8-45B3-B6FB-EBA911617408}.Debug|x64.Build.0 = Debug|x64
		{3D60BBC0-1CF8-45B3-B6FB-EBA911617408}.Release|Any CPU.ActiveCfg = Release|x64
		{3D60BBC0-1CF8-45B3-B6FB-EBA911617408}.Release|x64.ActiveCfg = Release|x64
		{3D60BBC0-1CF8-45B3-B6FB-EBA911617408}.Release|x64.Build.0 = Release|x64
		{A1399E90-D874-4537-B35B-655EEFF2939E}.Debug|Any CPU.ActiveCfg = Debug|Any CPU
		{A1399E90-D874-4537-B35B-655EEFF2939E}.Debug|Any CPU.Build.0 = Debug|Any CPU
		{A1399E90-D874-4537-B35B-655EEFF2939E}.Debug|x64.ActiveCfg = Debug|Any CPU
		{A1399E90-D874-4537-B35B-655EEFF2939E}.Debug|x64.Build.0 = Debug|Any CPU
		{A1399E90-D874-4537-B35B-655EEFF2939E}.Release|Any CPU.ActiveCfg = Release|Any CPU
		{A1399E90-D874-4537-B35B-655EEFF2939E}.Release|Any CPU.Build.0 = Release|Any CPU
		{A1399E90-D874-4537-B35B-655EEFF2939E}.Release|x64.ActiveCfg = Release|Any CPU
		{A1399E90-D874-4537-B35B-655EEFF2939E}.Release|x64.Build.0 = Release|Any CPU
	EndGlobalSection
	GlobalSection(SolutionProperties) = preSolution
		HideSolutionNode = FALSE
	EndGlobalSection
	GlobalSection(ExtensibilityGlobals) = postSolution
		SolutionGuid = {0038C8D9-C6F9-4904-BC56-27B4508A27BD}
	EndGlobalSection
EndGlobal
